
Microsoft Visual Studio Solution File, Format Version 12.00
# Visual Studio Version 16
VisualStudioVersion = 16.0.31729.503
MinimumVisualStudioVersion = 10.0.40219.1
Project("{9A19103F-16F7-4668-BE54-9A1E7A4F7556}") = "MultiTurnProBot", "MultiTurnProBot\MultiTurnProBot.csproj", "{A1E8B006-0626-4DB5-AE68-7E7D42E3A934}"
EndProject
Project("{FAE04EC0-301F-11D3-BF4B-00C04F79EFBC}") = "UserDialog", "UserDialog\UserDialog.csproj", "{D03B6AAA-229F-4DE6-AA8B-F1D6AC66FBCE}"
EndProject
Global
	GlobalSection(SolutionConfigurationPlatforms) = preSolution
		Debug|Any CPU = Debug|Any CPU
		Release|Any CPU = Release|Any CPU
	EndGlobalSection
	GlobalSection(ProjectConfigurationPlatforms) = postSolution
		{A1E8B006-0626-4DB5-AE68-7E7D42E3A934}.Debug|Any CPU.ActiveCfg = Debug|Any CPU
		{A1E8B006-0626-4DB5-AE68-7E7D42E3A934}.Debug|Any CPU.Build.0 = Debug|Any CPU
		{A1E8B006-0626-4DB5-AE68-7E7D42E3A934}.Release|Any CPU.ActiveCfg = Release|Any CPU
		{A1E8B006-0626-4DB5-AE68-7E7D42E3A934}.Release|Any CPU.Build.0 = Release|Any CPU
		{D03B6AAA-229F-4DE6-AA8B-F1D6AC66FBCE}.Debug|Any CPU.ActiveCfg = Debug|Any CPU
		{D03B6AAA-229F-4DE6-AA8B-F1D6AC66FBCE}.Debug|Any CPU.Build.0 = Debug|Any CPU
		{D03B6AAA-229F-4DE6-AA8B-F1D6AC66FBCE}.Release|Any CPU.ActiveCfg = Release|Any CPU
		{D03B6AAA-229F-4DE6-AA8B-F1D6AC66FBCE}.Release|Any CPU.Build.0 = Release|Any CPU
	EndGlobalSection
	GlobalSection(SolutionProperties) = preSolution
		HideSolutionNode = FALSE
	EndGlobalSection
	GlobalSection(ExtensibilityGlobals) = postSolution
		SolutionGuid = {01BD3C78-CE38-4D48-B8F5-0EF4E939FD6C}
	EndGlobalSection
EndGlobal
